
Microsoft Visual Studio Solution File, Format Version 12.00
# Visual Studio Version 16
VisualStudioVersion = 16.0.30804.86
MinimumVisualStudioVersion = 10.0.40219.1
Project("{FAE04EC0-301F-11D3-BF4B-00C04F79EFBC}") = "PsdWebProcessApi", "PsdWebProcessApi\PsdWebProcessApi.csproj", "{119E583E-0C31-45C7-AD04-BAAFFEA543C7}"
EndProject
Project("{FAE04EC0-301F-11D3-BF4B-00C04F79EFBC}") = "PsdCommon", "PsdCommon\PsdCommon.csproj", "{EE804A37-D11D-4BF6-8407-CAC413EF25B2}"
EndProject
Global
	GlobalSection(SolutionConfigurationPlatforms) = preSolution
		Debug|Any CPU = Debug|Any CPU
		Release|Any CPU = Release|Any CPU
	EndGlobalSection
	GlobalSection(ProjectConfigurationPlatforms) = postSolution
		{119E583E-0C31-45C7-AD04-BAAFFEA543C7}.Debug|Any CPU.ActiveCfg = Debug|Any CPU
		{119E583E-0C31-45C7-AD04-BAAFFEA543C7}.Debug|Any CPU.Build.0 = Debug|Any CPU
		{119E583E-0C31-45C7-AD04-BAAFFEA543C7}.Release|Any CPU.ActiveCfg = Release|Any CPU
		{119E583E-0C31-45C7-AD04-BAAFFEA543C7}.Release|Any CPU.Build.0 = Release|Any CPU
		{EE804A37-D11D-4BF6-8407-CAC413EF25B2}.Debug|Any CPU.ActiveCfg = Debug|Any CPU
		{EE804A37-D11D-4BF6-8407-CAC413EF25B2}.Debug|Any CPU.Build.0 = Debug|Any CPU
		{EE804A37-D11D-4BF6-8407-CAC413EF25B2}.Release|Any CPU.ActiveCfg = Release|Any CPU
		{EE804A37-D11D-4BF6-8407-CAC413EF25B2}.Release|Any CPU.Build.0 = Release|Any CPU
	EndGlobalSection
	GlobalSection(SolutionProperties) = preSolution
		HideSolutionNode = FALSE
	EndGlobalSection
	GlobalSection(ExtensibilityGlobals) = postSolution
		SolutionGuid = {ABA99B1E-6FA0-4111-B244-89A48C79C11A}
	EndGlobalSection
EndGlobal
